
Microsoft Visual Studio Solution File, Format Version 12.00
# Visual Studio 15
VisualStudioVersion = 15.0.28307.438
MinimumVisualStudioVersion = 10.0.40219.1
Project("{FAE04EC0-301F-11D3-BF4B-00C04F79EFBC}") = "BabyNames", "BabyNames\BabyNames.csproj", "{D6F547F6-DAE6-4DFE-83C0-5803E2408267}"
EndProject
Global
	GlobalSection(SolutionConfigurationPlatforms) = preSolution
		Debug|Any CPU = Debug|Any CPU
		Release|Any CPU = Release|Any CPU
	EndGlobalSection
	GlobalSection(ProjectConfigurationPlatforms) = postSolution
		{D6F547F6-DAE6-4DFE-83C0-5803E2408267}.Debug|Any CPU.ActiveCfg = Debug|Any CPU
		{D6F547F6-DAE6-4DFE-83C0-5803E2408267}.Debug|Any CPU.Build.0 = Debug|Any CPU
		{D6F547F6-DAE6-4DFE-83C0-5803E2408267}.Release|Any CPU.ActiveCfg = Release|Any CPU
		{D6F547F6-DAE6-4DFE-83C0-5803E2408267}.Release|Any CPU.Build.0 = Release|Any CPU
	EndGlobalSection
	GlobalSection(SolutionProperties) = preSolution
		HideSolutionNode = FALSE
	EndGlobalSection
	GlobalSection(ExtensibilityGlobals) = postSolution
		SolutionGuid = {989375C8-7AA8-4E5F-9836-0167B4AFDEAD}
	EndGlobalSection
EndGlobal
